{
  "name": "day-1",
  "version": "1.0.0",
  "lockfileVersion": 1,
  "requires": true,
  "dependencies": {
    "big-cartesian": {
      "version": "2.0.0",
      "resolved": "https://registry.npmjs.org/big-cartesian/-/big-cartesian-2.0.0.tgz",
      "integrity": "sha512-lVYMq8594fNjJH9EjfqNURZ2pt6oK6N6kZ3/035A/PAUGDS8c1jNL3H10vn5xLeTYHxVROOUIyCtQTtKHzANOg=="
    }
  }
}
